- id: office_heating_lock
  alias: Office Heating Lock 15C
  description: "Keep office thermostat at 15°C at all times."
  mode: single
  triggers:
    - platform: homeassistant
      event: start
    - platform: state
      entity_id: climate.office
      attribute: temperature
  conditions:
    - condition: template
      value_template: "{{ state_attr('climate.office', 'temperature') | float != 15 }}"
  actions:
    - action: climate.set_temperature
      target:
        entity_id: climate.office
      data:
        temperature: 15
